// !$*UTF8*$!
{
	archiveVersion = 1;
	classes = {
	};
	objectVersion = 77;
	objects = {

/* Begin PBXContainerItemProxy section */
		7FE4652C2D948CCC0028AF89 /* PBXContainerItemProxy */ = {
			isa = PBXContainerItemProxy;
			containerPortal = 7FE465132D948CCA0028AF89 /* Project object */;
			proxyType = 1;
			remoteGlobalIDString = 7FE4651A2D948CCA0028AF89;
			remoteInfo = "Morty Character Dex";
		};
		7FE465362D948CCC0028AF89 /* PBXContainerItemProxy */ = {
			isa = PBXContainerItemProxy;
			containerPortal = 7FE465132D948CCA0028AF89 /* Project object */;
			proxyType = 1;
			remoteGlobalIDString = 7FE4651A2D948CCA0028AF89;
			remoteInfo = "Morty Character Dex";
		};
/* End PBXContainerItemProxy section */

/* Begin PBXFileReference section */
		7FE4651B2D948CCA0028AF89 /* Morty Character Dex.app */ = {isa = PBXFileReference; explicitFileType = wrapper.application; includeInIndex = 0; path = "Morty Character Dex.app"; sourceTree = BUILT_PRODUCTS_DIR; };
		7FE4652B2D948CCC0028AF89 /* Morty Character DexTests.xctest */ = {isa = PBXFileReference; explicitFileType = wrapper.cfbundle; includeInIndex = 0; path = "Morty Character DexTests.xctest"; sourceTree = BUILT_PRODUCTS_DIR; };
		7FE465352D948CCC0028AF89 /* Morty Character DexUITests.xctest */ = {isa = PBXFileReference; explicitFileType = wrapper.cfbundle; includeInIndex = 0; path = "Morty Character DexUITests.xctest"; sourceTree = BUILT_PRODUCTS_DIR; };
/* End PBXFileReference section */

/* Begin PBXFileSystemSynchronizedRootGroup section */
		7FE4651D2D948CCA0028AF89 /* Morty Character Dex */ = {
			isa = PBXFileSystemSynchronizedRootGroup;
			path = "Morty Character Dex";
			sourceTree = "<group>";
		};
		7FE4652E2D948CCC0028AF89 /* Morty Character DexTests */ = {
			isa = PBXFileSystemSynchronizedRootGroup;
			path = "Morty Character DexTests";
			sourceTree = "<group>";
		};
		7FE465382D948CCC0028AF89 /* Morty Character DexUITests */ = {
			isa = PBXFileSystemSynchronizedRootGroup;
			path = "Morty Character DexUITests";
			sourceTree = "<group>";
		};
/* End PBXFileSystemSynchronizedRootGroup section */

/* Begin PBXFrameworksBuildPhase section */
		7FE465182D948CCA0028AF89 /* Frameworks */ = {
			isa = PBXFrameworksBuildPhase;
			buildActionMask = 2147483647;
			files = (
			);
			runOnlyForDeploymentPostprocessing = 0;
		};
		7FE465282D948CCC0028AF89 /* Frameworks */ = {
			isa = PBXFrameworksBuildPhase;
			buildActionMask = 2147483647;
			files = (
			);
			runOnlyForDeploymentPostprocessing = 0;
		};
		7FE465322D948CCC0028AF89 /* Frameworks */ = {
			isa = PBXFrameworksBuildPhase;
			buildActionMask = 2147483647;
			files = (
			);
			runOnlyForDeploymentPostprocessing = 0;
		};
/* End PBXFrameworksBuildPhase section */

/* Begin PBXGroup section */
		7FE465122D948CCA0028AF89 = {
			isa = PBXGroup;
			children = (
				7FE4651D2D948CCA0028AF89 /* Morty Character Dex */,
				7FE4652E2D948CCC0028AF89 /* Morty Character DexTests */,
				7FE465382D948CCC0028AF89 /* Morty Character DexUITests */,
				7FE4651C2D948CCA0028AF89 /* Products */,
			);
			sourceTree = "<group>";
		};
		7FE4651C2D948CCA0028AF89 /* Products */ = {
			isa = PBXGroup;
			children = (
				7FE4651B2D948CCA0028AF89 /* Morty Character Dex.app */,
				7FE4652B2D948CCC0028AF89 /* Morty Character DexTests.xctest */,
				7FE465352D948CCC0028AF89 /* Morty Character DexUITests.xctest */,
			);
			name = Products;
			sourceTree = "<group>";
		};
/* End PBXGroup section */

/* Begin PBXNativeTarget section */
		7FE4651A2D948CCA0028AF89 /* Morty Character Dex */ = {
			isa = PBXNativeTarget;
			buildConfigurationList = 7FE4653F2D948CCC0028AF89 /* Build configuration list for PBXNativeTarget "Morty Character Dex" */;
			buildPhases = (
				7FE465172D948CCA0028AF89 /* Sources */,
				7FE465182D948CCA0028AF89 /* Frameworks */,
				7FE465192D948CCA0028AF89 /* Resources */,
			);
			buildRules = (
			);
			dependencies = (
			);
			fileSystemSynchronizedGroups = (
				7FE4651D2D948CCA0028AF89 /* Morty Character Dex */,
			);
			name = "Morty Character Dex";
			packageProductDependencies = (
			);
			productName = "Morty Character Dex";
			productReference = 7FE4651B2D948CCA0028AF89 /* Morty Character Dex.app */;
			productType = "com.apple.product-type.application";
		};
		7FE4652A2D948CCC0028AF89 /* Morty Character DexTests */ = {
			isa = PBXNativeTarget;
			buildConfigurationList = 7FE465422D948CCC0028AF89 /* Build configuration list for PBXNativeTarget "Morty Character DexTests" */;
			buildPhases = (
				7FE465272D948CCC0028AF89 /* Sources */,
				7FE465282D948CCC0028AF89 /* Frameworks */,
				7FE465292D948CCC0028AF89 /* Resources */,
			);
			buildRules = (
			);
			dependencies = (
				7FE4652D2D948CCC0028AF89 /* PBXTargetDependency */,
			);
			fileSystemSynchronizedGroups = (
				7FE4652E2D948CCC0028AF89 /* Morty Character DexTests */,
			);
			name = "Morty Character DexTests";
			packageProductDependencies = (
			);
			productName = "Morty Character DexTests";
			productReference = 7FE4652B2D948CCC0028AF89 /* Morty Character DexTests.xctest */;
			productType = "com.apple.product-type.bundle.unit-test";
		};
		7FE465342D948CCC0028AF89 /* Morty Character DexUITests */ = {
			isa = PBXNativeTarget;
			buildConfigurationList = 7FE465452D948CCC0028AF89 /* Build configuration list for PBXNativeTarget "Morty Character DexUITests" */;
			buildPhases = (
				7FE465312D948CCC0028AF89 /* Sources */,
				7FE465322D948CCC0028AF89 /* Frameworks */,
				7FE465332D948CCC0028AF89 /* Resources */,
			);
			buildRules = (
			);
			dependencies = (
				7FE465372D948CCC0028AF89 /* PBXTargetDependency */,
			);
			fileSystemSynchronizedGroups = (
				7FE465382D948CCC0028AF89 /* Morty Character DexUITests */,
			);
			name = "Morty Character DexUITests";
			packageProductDependencies = (
			);
			productName = "Morty Character DexUITests";
			productReference = 7FE465352D948CCC0028AF89 /* Morty Character DexUITests.xctest */;
			productType = "com.apple.product-type.bundle.ui-testing";
		};
/* End PBXNativeTarget section */

/* Begin PBXProject section */
		7FE465132D948CCA0028AF89 /* Project object */ = {
			isa = PBXProject;
			attributes = {
				BuildIndependentTargetsInParallel = 1;
				LastSwiftUpdateCheck = 1620;
				LastUpgradeCheck = 1620;
				TargetAttributes = {
					7FE4651A2D948CCA0028AF89 = {
						CreatedOnToolsVersion = 16.2;
					};
					7FE4652A2D948CCC0028AF89 = {
						CreatedOnToolsVersion = 16.2;
						TestTargetID = 7FE4651A2D948CCA0028AF89;
					};
					7FE465342D948CCC0028AF89 = {
						CreatedOnToolsVersion = 16.2;
						TestTargetID = 7FE4651A2D948CCA0028AF89;
					};
				};
			};
			buildConfigurationList = 7FE465162D948CCA0028AF89 /* Build configuration list for PBXProject "Morty Character Dex" */;
			developmentRegion = en;
			hasScannedForEncodings = 0;
			knownRegions = (
				en,
				Base,
			);
			mainGroup = 7FE465122D948CCA0028AF89;
			minimizedProjectReferenceProxies = 1;
			preferredProjectObjectVersion = 77;
			productRefGroup = 7FE4651C2D948CCA0028AF89 /* Products */;
			projectDirPath = "";
			projectRoot = "";
			targets = (
				7FE4651A2D948CCA0028AF89 /* Morty Character Dex */,
				7FE4652A2D948CCC0028AF89 /* Morty Character DexTests */,
				7FE465342D948CCC0028AF89 /* Morty Character DexUITests */,
			);
		};
/* End PBXProject section */

/* Begin PBXResourcesBuildPhase section */
		7FE465192D948CCA0028AF89 /* Resources */ = {
			isa = PBXResourcesBuildPhase;
			buildActionMask = 2147483647;
			files = (
			);
			runOnlyForDeploymentPostprocessing = 0;
		};
		7FE465292D948CCC0028AF89 /* Resources */ = {
			isa = PBXResourcesBuildPhase;
			buildActionMask = 2147483647;
			files = (
			);
			runOnlyForDeploymentPostprocessing = 0;
		};
		7FE465332D948CCC0028AF89 /* Resources */ = {
			isa = PBXResourcesBuildPhase;
			buildActionMask = 2147483647;
			files = (
			);
			runOnlyForDeploymentPostprocessing = 0;
		};
/* End PBXResourcesBuildPhase section */

/* Begin PBXSourcesBuildPhase section */
		7FE465172D948CCA0028AF89 /* Sources */ = {
			isa = PBXSourcesBuildPhase;
			buildActionMask = 2147483647;
			files = (
			);
			runOnlyForDeploymentPostprocessing = 0;
		};
		7FE465272D948CCC0028AF89 /* Sources */ = {
			isa = PBXSourcesBuildPhase;
			buildActionMask = 2147483647;
			files = (
			);
			runOnlyForDeploymentPostprocessing = 0;
		};
		7FE465312D948CCC0028AF89 /* Sources */ = {
			isa = PBXSourcesBuildPhase;
			buildActionMask = 2147483647;
			files = (
			);
			runOnlyForDeploymentPostprocessing = 0;
		};
/* End PBXSourcesBuildPhase section */

/* Begin PBXTargetDependency section */
		7FE4652D2D948CCC0028AF89 /* PBXTargetDependency */ = {
			isa = PBXTargetDependency;
			target = 7FE4651A2D948CCA0028AF89 /* Morty Character Dex */;
			targetProxy = 7FE4652C2D948CCC0028AF89 /* PBXContainerItemProxy */;
		};
		7FE465372D948CCC0028AF89 /* PBXTargetDependency */ = {
			isa = PBXTargetDependency;
			target = 7FE4651A2D948CCA0028AF89 /* Morty Character Dex */;
			targetProxy = 7FE465362D948CCC0028AF89 /* PBXContainerItemProxy */;
		};
/* End PBXTargetDependency section */

/* Begin XCBuildConfiguration section */
		7FE4653D2D948CCC0028AF89 /* Debug */ = {
			isa = XCBuildConfiguration;
			buildSettings = {
				ALWAYS_SEARCH_USER_PATHS = NO;
				ASSETCATALOG_COMPILER_GENERATE_SWIFT_ASSET_SYMBOL_EXTENSIONS = YES;
				CLANG_ANALYZER_NONNULL = YES;
				CLANG_ANALYZER_NUMBER_OBJECT_CONVERSION = YES_AGGRESSIVE;
				CLANG_CXX_LANGUAGE_STANDARD = "gnu++20";
				CLANG_ENABLE_MODULES = YES;
				CLANG_ENABLE_OBJC_ARC = YES;
				CLANG_ENABLE_OBJC_WEAK = YES;
				CLANG_WARN_BLOCK_CAPTURE_AUTORELEASING = YES;
				CLANG_WARN_BOOL_CONVERSION = YES;
				CLANG_WARN_COMMA = YES;
				CLANG_WARN_CONSTANT_CONVERSION = YES;
				CLANG_WARN_DEPRECATED_OBJC_IMPLEMENTATIONS = YES;
				CLANG_WARN_DIRECT_OBJC_ISA_USAGE = YES_ERROR;
				CLANG_WARN_DOCUMENTATION_COMMENTS = YES;
				CLANG_WARN_EMPTY_BODY = YES;
				CLANG_WARN_ENUM_CONVERSION = YES;
				CLANG_WARN_INFINITE_RECURSION = YES;
				CLANG_WARN_INT_CONVERSION = YES;
				CLANG_WARN_NON_LITERAL_NULL_CONVERSION = YES;
				CLANG_WARN_OBJC_IMPLICIT_RETAIN_SELF = YES;
				CLANG_WARN_OBJC_LITERAL_CONVERSION = YES;
				CLANG_WARN_OBJC_ROOT_CLASS = YES_ERROR;
				CLANG_WARN_QUOTED_INCLUDE_IN_FRAMEWORK_HEADER = YES;
				CLANG_WARN_RANGE_LOOP_ANALYSIS = YES;
				CLANG_WARN_STRICT_PROTOTYPES = YES;
				CLANG_WARN_SUSPICIOUS_MOVE = YES;
				CLANG_WARN_UNGUARDED_AVAILABILITY = YES_AGGRESSIVE;
				CLANG_WARN_UNREACHABLE_CODE = YES;
				CLANG_WARN__DUPLICATE_METHOD_MATCH = YES;
				COPY_PHASE_STRIP = NO;
				DEBUG_INFORMATION_FORMAT = dwarf;
				ENABLE_STRICT_OBJC_MSGSEND = YES;
				ENABLE_TESTABILITY = YES;
				ENABLE_USER_SCRIPT_SANDBOXING = YES;
				GCC_C_LANGUAGE_STANDARD = gnu17;
				GCC_DYNAMIC_NO_PIC = NO;
				GCC_NO_COMMON_BLOCKS = YES;
				GCC_OPTIMIZATION_LEVEL = 0;
				GCC_PREPROCESSOR_DEFINITIONS = (
					"DEBUG=1",
					"$(inherited)",
				);
				GCC_WARN_64_TO_32_BIT_CONVERSION = YES;
				GCC_WARN_ABOUT_RETURN_TYPE = YES_ERROR;
				GCC_WARN_UNDECLARED_SELECTOR = YES;
				GCC_WARN_UNINITIALIZED_AUTOS = YES_AGGRESSIVE;
				GCC_WARN_UNUSED_FUNCTION = YES;
				GCC_WARN_UNUSED_VARIABLE = YES;
				IPHONEOS_DEPLOYMENT_TARGET = 18.2;
				LOCALIZATION_PREFERS_STRING_CATALOGS = YES;
				MTL_ENABLE_DEBUG_INFO = INCLUDE_SOURCE;
				MTL_FAST_MATH = YES;
				ONLY_ACTIVE_ARCH = YES;
				SDKROOT = iphoneos;
				SWIFT_ACTIVE_COMPILATION_CONDITIONS = "DEBUG $(inherited)";
				SWIFT_OPTIMIZATION_LEVEL = "-Onone";
			};
			name = Debug;
		};
		7FE4653E2D948CCC0028AF89 /* Release */ = {
			isa = XCBuildConfiguration;
			buildSettings = {
				ALWAYS_SEARCH_USER_PATHS = NO;
				ASSETCATALOG_COMPILER_GENERATE_SWIFT_ASSET_SYMBOL_EXTENSIONS = YES;
				CLANG_ANALYZER_NONNULL = YES;
				CLANG_ANALYZER_NUMBER_OBJECT_CONVERSION = YES_AGGRESSIVE;
				CLANG_CXX_LANGUAGE_STANDARD = "gnu++20";
				CLANG_ENABLE_MODULES = YES;
				CLANG_ENABLE_OBJC_ARC = YES;
				CLANG_ENABLE_OBJC_WEAK = YES;
				CLANG_WARN_BLOCK_CAPTURE_AUTORELEASING = YES;
				CLANG_WARN_BOOL_CONVERSION = YES;
				CLANG_WARN_COMMA = YES;
				CLANG_WARN_CONSTANT_CONVERSION = YES;
				CLANG_WARN_DEPRECATED_OBJC_IMPLEMENTATIONS = YES;
				CLANG_WARN_DIRECT_OBJC_ISA_USAGE = YES_ERROR;
				CLANG_WARN_DOCUMENTATION_COMMENTS = YES;
				CLANG_WARN_EMPTY_BODY = YES;
				CLANG_WARN_ENUM_CONVERSION = YES;
				CLANG_WARN_INFINITE_RECURSION = YES;
				CLANG_WARN_INT_CONVERSION = YES;
				CLANG_WARN_NON_LITERAL_NULL_CONVERSION = YES;
				CLANG_WARN_OBJC_IMPLICIT_RETAIN_SELF = YES;
				CLANG_WARN_OBJC_LITERAL_CONVERSION = YES;
				CLANG_WARN_OBJC_ROOT_CLASS = YES_ERROR;
				CLANG_WARN_QUOTED_INCLUDE_IN_FRAMEWORK_HEADER = YES;
				CLANG_WARN_RANGE_LOOP_ANALYSIS = YES;
				CLANG_WARN_STRICT_PROTOTYPES = YES;
				CLANG_WARN_SUSPICIOUS_MOVE = YES;
				CLANG_WARN_UNGUARDED_AVAILABILITY = YES_AGGRESSIVE;
				CLANG_WARN_UNREACHABLE_CODE = YES;
				CLANG_WARN__DUPLICATE_METHOD_MATCH = YES;
				COPY_PHASE_STRIP = NO;
				DEBUG_INFORMATION_FORMAT = "dwarf-with-dsym";
				ENABLE_NS_ASSERTIONS = NO;
				ENABLE_STRICT_OBJC_MSGSEND = YES;
				ENABLE_USER_SCRIPT_SANDBOXING = YES;
				GCC_C_LANGUAGE_STANDARD = gnu17;
				GCC_NO_COMMON_BLOCKS = YES;
				GCC_WARN_64_TO_32_BIT_CONVERSION = YES;
				GCC_WARN_ABOUT_RETURN_TYPE = YES_ERROR;
				GCC_WARN_UNDECLARED_SELECTOR = YES;
				GCC_WARN_UNINITIALIZED_AUTOS = YES_AGGRESSIVE;
				GCC_WARN_UNUSED_FUNCTION = YES;
				GCC_WARN_UNUSED_VARIABLE = YES;
				IPHONEOS_DEPLOYMENT_TARGET = 18.2;
				LOCALIZATION_PREFERS_STRING_CATALOGS = YES;
				MTL_ENABLE_DEBUG_INFO = NO;
				MTL_FAST_MATH = YES;
				SDKROOT = iphoneos;
				SWIFT_COMPILATION_MODE = wholemodule;
				VALIDATE_PRODUCT = YES;
			};
			name = Release;
		};
		7FE465402D948CCC0028AF89 /* Debug */ = {
			isa = XCBuildConfiguration;
			buildSettings = {
				ASSETCATALOG_COMPILER_APPICON_NAME = AppIcon;
				ASSETCATALOG_COMPILER_GLOBAL_ACCENT_COLOR_NAME = AccentColor;
				CODE_SIGN_STYLE = Automatic;
				CURRENT_PROJECT_VERSION = 1;
				DEVELOPMENT_ASSET_PATHS = "\"Morty Character Dex/Preview Content\"";
				DEVELOPMENT_TEAM = "";
				ENABLE_PREVIEWS = YES;
				GENERATE_INFOPLIST_FILE = YES;
				INFOPLIST_KEY_UIApplicationSceneManifest_Generation = YES;
				INFOPLIST_KEY_UIApplicationSupportsIndirectInputEvents = YES;
				INFOPLIST_KEY_UILaunchScreen_Generation = YES;
				INFOPLIST_KEY_UISupportedInterfaceOrientations_iPad = "UIInterfaceOrientationPortrait UIInterfaceOrientationPortraitUpsideDown UIInterfaceOrientationLandscapeLeft UIInterfaceOrientationLandscapeRight";
				INFOPLIST_KEY_UISupportedInterfaceOrientations_iPhone = "UIInterfaceOrientationPortrait UIInterfaceOrientationLandscapeLeft UIInterfaceOrientationLandscapeRight";
				LD_RUNPATH_SEARCH_PATHS = (
					"$(inherited)",
					"@executable_path/Frameworks",
				);
				MARKETING_VERSION = 1.0;
				PRODUCT_BUNDLE_IDENTIFIER = "com.example.Morty-Character-Dex";
				PRODUCT_NAME = "$(TARGET_NAME)";
				SWIFT_EMIT_LOC_STRINGS = YES;
				SWIFT_VERSION = 5.0;
				TARGETED_DEVICE_FAMILY = "1,2";
			};
			name = Debug;
		};
		7FE465412D948CCC0028AF89 /* Release */ = {
			isa = XCBuildConfiguration;
			buildSettings = {
				ASSETCATALOG_COMPILER_APPICON_NAME = AppIcon;
				ASSETCATALOG_COMPILER_GLOBAL_ACCENT_COLOR_NAME = AccentColor;
				CODE_SIGN_STYLE = Automatic;
				CURRENT_PROJECT_VERSION = 1;
				DEVELOPMENT_ASSET_PATHS = "\"Morty Character Dex/Preview Content\"";
				DEVELOPMENT_TEAM = "";
				ENABLE_PREVIEWS = YES;
				GENERATE_INFOPLIST_FILE = YES;
				INFOPLIST_KEY_UIApplicationSceneManifest_Generation = YES;
				INFOPLIST_KEY_UIApplicationSupportsIndirectInputEvents = YES;
				INFOPLIST_KEY_UILaunchScreen_Generation = YES;
				INFOPLIST_KEY_UISupportedInterfaceOrientations_iPad = "UIInterfaceOrientationPortrait UIInterfaceOrientationPortraitUpsideDown UIInterfaceOrientationLandscapeLeft UIInterfaceOrientationLandscapeRight";
				INFOPLIST_KEY_UISupportedInterfaceOrientations_iPhone = "UIInterfaceOrientationPortrait UIInterfaceOrientationLandscapeLeft UIInterfaceOrientationLandscapeRight";
				LD_RUNPATH_SEARCH_PATHS = (
					"$(inherited)",
					"@executable_path/Frameworks",
				);
				MARKETING_VERSION = 1.0;
				PRODUCT_BUNDLE_IDENTIFIER = "com.example.Morty-Character-Dex";
				PRODUCT_NAME = "$(TARGET_NAME)";
				SWIFT_EMIT_LOC_STRINGS = YES;
				SWIFT_VERSION = 5.0;
				TARGETED_DEVICE_FAMILY = "1,2";
			};
			name = Release;
		};
		7FE465432D948CCC0028AF89 /* Debug */ = {
			isa = XCBuildConfiguration;
			buildSettings = {
				BUNDLE_LOADER = "$(TEST_HOST)";
				CODE_SIGN_STYLE = Automatic;
				CURRENT_PROJECT_VERSION = 1;
				DEVELOPMENT_TEAM = P2KVYQH3C3;
				GENERATE_INFOPLIST_FILE = YES;
				IPHONEOS_DEPLOYMENT_TARGET = 18.2;
				MARKETING_VERSION = 1.0;
				PRODUCT_BUNDLE_IDENTIFIER = "com.example.Morty-Character-DexTests";
				PRODUCT_NAME = "$(TARGET_NAME)";
				SWIFT_EMIT_LOC_STRINGS = NO;
				SWIFT_VERSION = 5.0;
				TARGETED_DEVICE_FAMILY = "1,2";
				TEST_HOST = "$(BUILT_PRODUCTS_DIR)/Morty Character Dex.app/$(BUNDLE_EXECUTABLE_FOLDER_PATH)/Morty Character Dex";
			};
			name = Debug;
		};
		7FE465442D948CCC0028AF89 /* Release */ = {
			isa = XCBuildConfiguration;
			buildSettings = {
				BUNDLE_LOADER = "$(TEST_HOST)";
				CODE_SIGN_STYLE = Automatic;
				CURRENT_PROJECT_VERSION = 1;
				DEVELOPMENT_TEAM = P2KVYQH3C3;
				GENERATE_INFOPLIST_FILE = YES;
				IPHONEOS_DEPLOYMENT_TARGET = 18.2;
				MARKETING_VERSION = 1.0;
				PRODUCT_BUNDLE_IDENTIFIER = "com.example.Morty-Character-DexTests";
				PRODUCT_NAME = "$(TARGET_NAME)";
				SWIFT_EMIT_LOC_STRINGS = NO;
				SWIFT_VERSION = 5.0;
				TARGETED_DEVICE_FAMILY = "1,2";
				TEST_HOST = "$(BUILT_PRODUCTS_DIR)/Morty Character Dex.app/$(BUNDLE_EXECUTABLE_FOLDER_PATH)/Morty Character Dex";
			};
			name = Release;
		};
		7FE465462D948CCC0028AF89 /* Debug */ = {
			isa = XCBuildConfiguration;
			buildSettings = {
				CODE_SIGN_STYLE = Automatic;
				CURRENT_PROJECT_VERSION = 1;
				DEVELOPMENT_TEAM = P2KVYQH3C3;
				GENERATE_INFOPLIST_FILE = YES;
				MARKETING_VERSION = 1.0;
				PRODUCT_BUNDLE_IDENTIFIER = "com.example.Morty-Character-DexUITests";
				PRODUCT_NAME = "$(TARGET_NAME)";
				SWIFT_EMIT_LOC_STRINGS = NO;
				SWIFT_VERSION = 5.0;
				TARGETED_DEVICE_FAMILY = "1,2";
				TEST_TARGET_NAME = "Morty Character Dex";
			};
			name = Debug;
		};
		7FE465472D948CCC0028AF89 /* Release */ = {
			isa = XCBuildConfiguration;
			buildSettings = {
				CODE_SIGN_STYLE = Automatic;
				CURRENT_PROJECT_VERSION = 1;
				DEVELOPMENT_TEAM = P2KVYQH3C3;
				GENERATE_INFOPLIST_FILE = YES;
				MARKETING_VERSION = 1.0;
				PRODUCT_BUNDLE_IDENTIFIER = "com.example.Morty-Character-DexUITests";
				PRODUCT_NAME = "$(TARGET_NAME)";
				SWIFT_EMIT_LOC_STRINGS = NO;
				SWIFT_VERSION = 5.0;
				TARGETED_DEVICE_FAMILY = "1,2";
				TEST_TARGET_NAME = "Morty Character Dex";
			};
			name = Release;
		};
/* End XCBuildConfiguration section */

/* Begin XCConfigurationList section */
		7FE465162D948CCA0028AF89 /* Build configuration list for PBXProject "Morty Character Dex" */ = {
			isa = XCConfigurationList;
			buildConfigurations = (
				7FE4653D2D948CCC0028AF89 /* Debug */,
				7FE4653E2D948CCC0028AF89 /* Release */,
			);
			defaultConfigurationIsVisible = 0;
			defaultConfigurationName = Release;
		};
		7FE4653F2D948CCC0028AF89 /* Build configuration list for PBXNativeTarget "Morty Character Dex" */ = {
			isa = XCConfigurationList;
			buildConfigurations = (
				7FE465402D948CCC0028AF89 /* Debug */,
				7FE465412D948CCC0028AF89 /* Release */,
			);
			defaultConfigurationIsVisible = 0;
			defaultConfigurationName = Release;
		};
		7FE465422D948CCC0028AF89 /* Build configuration list for PBXNativeTarget "Morty Character DexTests" */ = {
			isa = XCConfigurationList;
			buildConfigurations = (
				7FE465432D948CCC0028AF89 /* Debug */,
				7FE465442D948CCC0028AF89 /* Release */,
			);
			defaultConfigurationIsVisible = 0;
			defaultConfigurationName = Release;
		};
		7FE465452D948CCC0028AF89 /* Build configuration list for PBXNativeTarget "Morty Character DexUITests" */ = {
			isa = XCConfigurationList;
			buildConfigurations = (
				7FE465462D948CCC0028AF89 /* Debug */,
				7FE465472D948CCC0028AF89 /* Release */,
			);
			defaultConfigurationIsVisible = 0;
			defaultConfigurationName = Release;
		};
/* End XCConfigurationList section */
	};
	rootObject = 7FE465132D948CCA0028AF89 /* Project object */;
}
